
Microsoft Visual Studio Solution File, Format Version 12.00
# Visual Studio Version 17
VisualStudioVersion = 17.1.32414.318
MinimumVisualStudioVersion = 10.0.40219.1
Project("{FAE04EC0-301F-11D3-BF4B-00C04F79EFBC}") = "MessengerService", "MessengerService\MessengerService.csproj", "{189C667B-07CD-4BDB-BD95-38DD6250E54C}"
EndProject
Global
	GlobalSection(SolutionConfigurationPlatforms) = preSolution
		Debug|Any CPU = Debug|Any CPU
		Release|Any CPU = Release|Any CPU
	EndGlobalSection
	GlobalSection(ProjectConfigurationPlatforms) = postSolution
		{189C667B-07CD-4BDB-BD95-38DD6250E54C}.Debug|Any CPU.ActiveCfg = Debug|Any CPU
		{189C667B-07CD-4BDB-BD95-38DD6250E54C}.Debug|Any CPU.Build.0 = Debug|Any CPU
		{189C667B-07CD-4BDB-BD95-38DD6250E54C}.Release|Any CPU.ActiveCfg = Release|Any CPU
		{189C667B-07CD-4BDB-BD95-38DD6250E54C}.Release|Any CPU.Build.0 = Release|Any CPU
	EndGlobalSection
	GlobalSection(SolutionProperties) = preSolution
		HideSolutionNode = FALSE
	EndGlobalSection
	GlobalSection(ExtensibilityGlobals) = postSolution
		SolutionGuid = {DE166674-3A8E-4E61-BB74-62328074A715}
	EndGlobalSection
EndGlobal
